
Microsoft Visual Studio Solution File, Format Version 11.00
# Visual Studio 2010
Project("{FAE04EC0-301F-11D3-BF4B-00C04F79EFBC}") = "gwent-card-game-master", "Assembly-CSharp.csproj", "{CCBE6832-EEBE-8FF8-D10F-51D0A2A01DDB}"
EndProject
Project("{FAE04EC0-301F-11D3-BF4B-00C04F79EFBC}") = "gwent-card-game-master", "Assembly-CSharp-Editor.csproj", "{E27C4AFA-5187-3ACC-24B9-06D54AFD811F}"
EndProject
Global
	GlobalSection(SolutionConfigurationPlatforms) = preSolution
		Debug|Any CPU = Debug|Any CPU
		Release|Any CPU = Release|Any CPU
	EndGlobalSection
	GlobalSection(ProjectConfigurationPlatforms) = postSolution
		{CCBE6832-EEBE-8FF8-D10F-51D0A2A01DDB}.Debug|Any CPU.ActiveCfg = Debug|Any CPU
		{CCBE6832-EEBE-8FF8-D10F-51D0A2A01DDB}.Debug|Any CPU.Build.0 = Debug|Any CPU
		{CCBE6832-EEBE-8FF8-D10F-51D0A2A01DDB}.Release|Any CPU.ActiveCfg = Release|Any CPU
		{CCBE6832-EEBE-8FF8-D10F-51D0A2A01DDB}.Release|Any CPU.Build.0 = Release|Any CPU
		{E27C4AFA-5187-3ACC-24B9-06D54AFD811F}.Debug|Any CPU.ActiveCfg = Debug|Any CPU
		{E27C4AFA-5187-3ACC-24B9-06D54AFD811F}.Debug|Any CPU.Build.0 = Debug|Any CPU
		{E27C4AFA-5187-3ACC-24B9-06D54AFD811F}.Release|Any CPU.ActiveCfg = Release|Any CPU
		{E27C4AFA-5187-3ACC-24B9-06D54AFD811F}.Release|Any CPU.Build.0 = Release|Any CPU
	EndGlobalSection
	GlobalSection(SolutionProperties) = preSolution
		HideSolutionNode = FALSE
	EndGlobalSection
	GlobalSection(MonoDevelopProperties) = preSolution
		StartupItem = Assembly-CSharp.csproj
	EndGlobalSection
EndGlobal
